
Microsoft Visual Studio Solution File, Format Version 12.00
# Visual Studio Version 17
VisualStudioVersion = 17.3.32804.467
MinimumVisualStudioVersion = 10.0.40219.1
Project("{FAE04EC0-301F-11D3-BF4B-00C04F79EFBC}") = "gh_tcp_conn", "gh_tcp_conn.csproj", "{2C62743D-84A6-4F14-B083-89A8AC4CE2F4}"
EndProject
Global
	GlobalSection(SolutionConfigurationPlatforms) = preSolution
		Debug|Any CPU = Debug|Any CPU
		Release|Any CPU = Release|Any CPU
	EndGlobalSection
	GlobalSection(ProjectConfigurationPlatforms) = postSolution
		{2C62743D-84A6-4F14-B083-89A8AC4CE2F4}.Debug|Any CPU.ActiveCfg = Debug|Any CPU
		{2C62743D-84A6-4F14-B083-89A8AC4CE2F4}.Debug|Any CPU.Build.0 = Debug|Any CPU
		{2C62743D-84A6-4F14-B083-89A8AC4CE2F4}.Release|Any CPU.ActiveCfg = Release|Any CPU
		{2C62743D-84A6-4F14-B083-89A8AC4CE2F4}.Release|Any CPU.Build.0 = Release|Any CPU
	EndGlobalSection
	GlobalSection(SolutionProperties) = preSolution
		HideSolutionNode = FALSE
	EndGlobalSection
	GlobalSection(ExtensibilityGlobals) = postSolution
		SolutionGuid = {377BAAD2-6E79-4EC2-B1CB-0B3F5F4BAE9C}
	EndGlobalSection
EndGlobal
